
Microsoft Visual Studio Solution File, Format Version 12.00
# Visual Studio Version 16
VisualStudioVersion = 16.0.31205.134
MinimumVisualStudioVersion = 10.0.40219.1
Project("{FAE04EC0-301F-11D3-BF4B-00C04F79EFBC}") = "ConsoleApp2", "ConsoleApp2\ConsoleApp2.csproj", "{3B559D6D-D56D-4AB7-8DF8-D7DE1A674AE9}"
EndProject
Global
	GlobalSection(SolutionConfigurationPlatforms) = preSolution
		Debug|Any CPU = Debug|Any CPU
		Release|Any CPU = Release|Any CPU
	EndGlobalSection
	GlobalSection(ProjectConfigurationPlatforms) = postSolution
		{3B559D6D-D56D-4AB7-8DF8-D7DE1A674AE9}.Debug|Any CPU.ActiveCfg = Debug|Any CPU
		{3B559D6D-D56D-4AB7-8DF8-D7DE1A674AE9}.Debug|Any CPU.Build.0 = Debug|Any CPU
		{3B559D6D-D56D-4AB7-8DF8-D7DE1A674AE9}.Release|Any CPU.ActiveCfg = Release|Any CPU
		{3B559D6D-D56D-4AB7-8DF8-D7DE1A674AE9}.Release|Any CPU.Build.0 = Release|Any CPU
	EndGlobalSection
	GlobalSection(SolutionProperties) = preSolution
		HideSolutionNode = FALSE
	EndGlobalSection
	GlobalSection(ExtensibilityGlobals) = postSolution
		SolutionGuid = {418E09BB-B880-40B2-B4B9-6BF22D7B71DD}
	EndGlobalSection
EndGlobal
